// !$*UTF8*$!
{
	archiveVersion = 1;
	classes = {
	};
	objectVersion = 46;
	objects = {

/* Begin PBXBuildFile section */
		040BBFA11973A97100F285CA /* ListTableViewCell.m in Sources */ = {isa = PBXBuildFile; fileRef = 040BBFA01973A97100F285CA /* ListTableViewCell.m */; };
		040BBFA41973B54200F285CA /* Resume.m in Sources */ = {isa = PBXBuildFile; fileRef = 040BBFA31973B54200F285CA /* Resume.m */; };
		040BBFAA1973B6DD00F285CA /* Personal.m in Sources */ = {isa = PBXBuildFile; fileRef = 040BBFA91973B6DD00F285CA /* Personal.m */; };
		040BBFAD1973B95400F285CA /* Base.m in Sources */ = {isa = PBXBuildFile; fileRef = 040BBFAC1973B95400F285CA /* Base.m */; };
		040BBFB01973BEC700F285CA /* Objective.m in Sources */ = {isa = PBXBuildFile; fileRef = 040BBFAF1973BEC700F285CA /* Objective.m */; };
		040BBFB41973DA9500F285CA /* BaseViewController.m in Sources */ = {isa = PBXBuildFile; fileRef = 040BBFB31973DA9500F285CA /* BaseViewController.m */; };
		040BBFBD1973E07F00F285CA /* MNColoredButton.m in Sources */ = {isa = PBXBuildFile; fileRef = 040BBFB71973E07F00F285CA /* MNColoredButton.m */; };
		040BBFBE1973E07F00F285CA /* UIView+MNColorKitImages.m in Sources */ = {isa = PBXBuildFile; fileRef = 040BBFBC1973E07F00F285CA /* UIView+MNColorKitImages.m */; };
		040BBFC119750E2100F285CA /* GuideView.m in Sources */ = {isa = PBXBuildFile; fileRef = 040BBFC019750E2100F285CA /* GuideView.m */; };
		040BBFC919751D0800F285CA /* ResumeColor.m in Sources */ = {isa = PBXBuildFile; fileRef = 040BBFC819751D0800F285CA /* ResumeColor.m */; };
		040BBFE41975387A00F285CA /* ResumerViewController.m in Sources */ = {isa = PBXBuildFile; fileRef = 040BBFE31975387A00F285CA /* ResumerViewController.m */; };
		040BBFE819765A9000F285CA /* Colours.m in Sources */ = {isa = PBXBuildFile; fileRef = 040BBFE719765A9000F285CA /* Colours.m */; };
		DF239C2B195915B600ECB3D5 /* Foundation.framework in Frameworks */ = {isa = PBXBuildFile; fileRef = DF239C2A195915B600ECB3D5 /* Foundation.framework */; };
		DF239C2D195915B600ECB3D5 /* CoreGraphics.framework in Frameworks */ = {isa = PBXBuildFile; fileRef = DF239C2C195915B600ECB3D5 /* CoreGraphics.framework */; };
		DF239C2F195915B600ECB3D5 /* UIKit.framework in Frameworks */ = {isa = PBXBuildFile; fileRef = DF239C2E195915B600ECB3D5 /* UIKit.framework */; };
		DF239C35195915B600ECB3D5 /* InfoPlist.strings in Resources */ = {isa = PBXBuildFile; fileRef = DF239C33195915B600ECB3D5 /* InfoPlist.strings */; };
		DF239C37195915B600ECB3D5 /* main.m in Sources */ = {isa = PBXBuildFile; fileRef = DF239C36195915B600ECB3D5 /* main.m */; };
		DF239C3B195915B600ECB3D5 /* HomeAppDelegate.m in Sources */ = {isa = PBXBuildFile; fileRef = DF239C3A195915B600ECB3D5 /* HomeAppDelegate.m */; };
		DF239C43195915B600ECB3D5 /* Images.xcassets in Resources */ = {isa = PBXBuildFile; fileRef = DF239C42195915B600ECB3D5 /* Images.xcassets */; };
		DF239C4A195915B600ECB3D5 /* XCTest.framework in Frameworks */ = {isa = PBXBuildFile; fileRef = DF239C49195915B600ECB3D5 /* XCTest.framework */; };
		DF239C4B195915B600ECB3D5 /* Foundation.framework in Frameworks */ = {isa = PBXBuildFile; fileRef = DF239C2A195915B600ECB3D5 /* Foundation.framework */; };
		DF239C4C195915B600ECB3D5 /* UIKit.framework in Frameworks */ = {isa = PBXBuildFile; fileRef = DF239C2E195915B600ECB3D5 /* UIKit.framework */; };
		DF239C54195915B600ECB3D5 /* InfoPlist.strings in Resources */ = {isa = PBXBuildFile; fileRef = DF239C52195915B600ECB3D5 /* InfoPlist.strings */; };
		DF239C56195915B600ECB3D5 /* ResumeManageTests.m in Sources */ = {isa = PBXBuildFile; fileRef = DF239C55195915B600ECB3D5 /* ResumeManageTests.m */; };
		DF80F53C196CEE3D0023FCA6 /* CPKenburnsView.m in Sources */ = {isa = PBXBuildFile; fileRef = DF80F53B196CEE3D0023FCA6 /* CPKenburnsView.m */; };
		DF80F541196D140A0023FCA6 /* EducationViewController.m in Sources */ = {isa = PBXBuildFile; fileRef = DF80F540196D140A0023FCA6 /* EducationViewController.m */; };
		DF80F551196D34F90023FCA6 /* IntroControll.m in Sources */ = {isa = PBXBuildFile; fileRef = DF80F54C196D34F90023FCA6 /* IntroControll.m */; };
		DF80F552196D34F90023FCA6 /* IntroModel.m in Sources */ = {isa = PBXBuildFile; fileRef = DF80F54E196D34F90023FCA6 /* IntroModel.m */; };
		DF80F553196D34F90023FCA6 /* IntroView.m in Sources */ = {isa = PBXBuildFile; fileRef = DF80F550196D34F90023FCA6 /* IntroView.m */; };
		DF9402FF196B92E200411FB9 /* Test.m in Sources */ = {isa = PBXBuildFile; fileRef = DF9402FE196B92E200411FB9 /* Test.m */; };
		DF940313196BA2AD00411FB9 /* EGORefreshTableFootView.m in Sources */ = {isa = PBXBuildFile; fileRef = DF940307196BA2AD00411FB9 /* EGORefreshTableFootView.m */; settings = {COMPILER_FLAGS = "-fno-objc-arc"; }; };
		DF940314196BA2AD00411FB9 /* EGORefreshTableHeaderView.m in Sources */ = {isa = PBXBuildFile; fileRef = DF940309196BA2AD00411FB9 /* EGORefreshTableHeaderView.m */; settings = {COMPILER_FLAGS = "-fno-objc-arc"; }; };
		DF940315196BA2AD00411FB9 /* blackArrow.png in Resources */ = {isa = PBXBuildFile; fileRef = DF94030B196BA2AD00411FB9 /* blackArrow.png */; };
		DF940316196BA2AD00411FB9 /* blackArrow@2x.png in Resources */ = {isa = PBXBuildFile; fileRef = DF94030C196BA2AD00411FB9 /* blackArrow@2x.png */; };
		DF940317196BA2AD00411FB9 /* blueArrow.png in Resources */ = {isa = PBXBuildFile; fileRef = DF94030D196BA2AD00411FB9 /* blueArrow.png */; };
		DF940318196BA2AD00411FB9 /* blueArrow@2x.png in Resources */ = {isa = PBXBuildFile; fileRef = DF94030E196BA2AD00411FB9 /* blueArrow@2x.png */; };
		DF940319196BA2AD00411FB9 /* grayArrow.png in Resources */ = {isa = PBXBuildFile; fileRef = DF94030F196BA2AD00411FB9 /* grayArrow.png */; };
		DF94031A196BA2AD00411FB9 /* grayArrow@2x.png in Resources */ = {isa = PBXBuildFile; fileRef = DF940310196BA2AD00411FB9 /* grayArrow@2x.png */; };
		DF94031B196BA2AD00411FB9 /* whiteArrow.png in Resources */ = {isa = PBXBuildFile; fileRef = DF940311196BA2AD00411FB9 /* whiteArrow.png */; };
		DF94031C196BA2AD00411FB9 /* whiteArrow@2x.png in Resources */ = {isa = PBXBuildFile; fileRef = DF940312196BA2AD00411FB9 /* whiteArrow@2x.png */; };
		DF94031D196BA39100411FB9 /* Main.storyboard in Resources */ = {isa = PBXBuildFile; fileRef = DF239C3C195915B600ECB3D5 /* Main.storyboard */; };
		DF940320196BA4D100411FB9 /* ModelTest.m in Sources */ = {isa = PBXBuildFile; fileRef = DF94031F196BA4D100411FB9 /* ModelTest.m */; };
		DF940323196BA54400411FB9 /* LeadPageViewController.m in Sources */ = {isa = PBXBuildFile; fileRef = DF940322196BA54400411FB9 /* LeadPageViewController.m */; };
		DFB09EFA1974C6B400BC9A5F /* Education.m in Sources */ = {isa = PBXBuildFile; fileRef = DFB09EF91974C6B400BC9A5F /* Education.m */; };
		DFC14DA5196A4AFC00305F33 /* JobWishViewController.m in Sources */ = {isa = PBXBuildFile; fileRef = DFC14DA4196A4AFC00305F33 /* JobWishViewController.m */; };
		DFC14DA8196A4B2400305F33 /* HomeViewController.m in Sources */ = {isa = PBXBuildFile; fileRef = DFC14DA7196A4B2400305F33 /* HomeViewController.m */; };
		DFCAC3AE19765E8900107703 /* AboutColours in Resources */ = {isa = PBXBuildFile; fileRef = DFCAC3AD19765E8900107703 /* AboutColours */; };
		DFD05B13196E43C600BD8F44 /* SuggestionsList.m in Sources */ = {isa = PBXBuildFile; fileRef = DFD05B12196E43C600BD8F44 /* SuggestionsList.m */; settings = {COMPILER_FLAGS = "-fno-objc-arc"; }; };
		DFD05B16196E9B7F00BD8F44 /* SchoolMajorViewController.m in Sources */ = {isa = PBXBuildFile; fileRef = DFD05B15196E9B7F00BD8F44 /* SchoolMajorViewController.m */; };
		DFD05B19196EA67D00BD8F44 /* ListSectionViewController.m in Sources */ = {isa = PBXBuildFile; fileRef = DFD05B18196EA67D00BD8F44 /* ListSectionViewController.m */; };
/* End PBXBuildFile section */

/* Begin PBXContainerItemProxy section */
		DF239C4D195915B600ECB3D5 /* PBXContainerItemProxy */ = {
			isa = PBXContainerItemProxy;
			containerPortal = DF239C1F195915B600ECB3D5 /* Project object */;
			proxyType = 1;
			remoteGlobalIDString = DF239C26195915B600ECB3D5;
			remoteInfo = ResumeManage;
		};
/* End PBXContainerItemProxy section */

/* Begin PBXFileReference section */
		040BBF9F1973A97100F285CA /* ListTableViewCell.h */ = {isa = PBXFileReference; fileEncoding = 4; lastKnownFileType = sourcecode.c.h; path = ListTableViewCell.h; sourceTree = "<group>"; };
		040BBFA01973A97100F285CA /* ListTableViewCell.m */ = {isa = PBXFileReference; fileEncoding = 4; lastKnownFileType = sourcecode.c.objc; path = ListTableViewCell.m; sourceTree = "<group>"; };
		040BBFA21973B54200F285CA /* Resume.h */ = {isa = PBXFileReference; fileEncoding = 4; lastKnownFileType = sourcecode.c.h; name = Resume.h; path = ../Views/Resume.h; sourceTree = "<group>"; };
		040BBFA31973B54200F285CA /* Resume.m */ = {isa = PBXFileReference; fileEncoding = 4; lastKnownFileType = sourcecode.c.objc; name = Resume.m; path = ../Views/Resume.m; sourceTree = "<group>"; };
		040BBFA81973B6DD00F285CA /* Personal.h */ = {isa = PBXFileReference; fileEncoding = 4; lastKnownFileType = sourcecode.c.h; path = Personal.h; sourceTree = "<group>"; };
		040BBFA91973B6DD00F285CA /* Personal.m */ = {isa = PBXFileReference; fileEncoding = 4; lastKnownFileType = sourcecode.c.objc; path = Personal.m; sourceTree = "<group>"; };
		040BBFAB1973B95400F285CA /* Base.h */ = {isa = PBXFileReference; fileEncoding = 4; lastKnownFileType = sourcecode.c.h; path = Base.h; sourceTree = "<group>"; };
		040BBFAC1973B95400F285CA /* Base.m */ = {isa = PBXFileReference; fileEncoding = 4; lastKnownFileType = sourcecode.c.objc; path = Base.m; sourceTree = "<group>"; };
		040BBFAE1973BEC700F285CA /* Objective.h */ = {isa = PBXFileReference; fileEncoding = 4; lastKnownFileType = sourcecode.c.h; path = Objective.h; sourceTree = "<group>"; };
		040BBFAF1973BEC700F285CA /* Objective.m */ = {isa = PBXFileReference; fileEncoding = 4; lastKnownFileType = sourcecode.c.objc; path = Objective.m; sourceTree = "<group>"; };
		040BBFB21973DA9500F285CA /* BaseViewController.h */ = {isa = PBXFileReference; fileEncoding = 4; lastKnownFileType = sourcecode.c.h; path = BaseViewController.h; sourceTree = "<group>"; };
		040BBFB31973DA9500F285CA /* BaseViewController.m */ = {isa = PBXFileReference; fileEncoding = 4; lastKnownFileType = sourcecode.c.objc; path = BaseViewController.m; sourceTree = "<group>"; };
		040BBFB61973E07F00F285CA /* MNColoredButton.h */ = {isa = PBXFileReference; fileEncoding = 4; lastKnownFileType = sourcecode.c.h; path = MNColoredButton.h; sourceTree = "<group>"; };
		040BBFB71973E07F00F285CA /* MNColoredButton.m */ = {isa = PBXFileReference; fileEncoding = 4; lastKnownFileType = sourcecode.c.objc; path = MNColoredButton.m; sourceTree = "<group>"; };
		040BBFB81973E07F00F285CA /* MNColorKit-Prefix.pch */ = {isa = PBXFileReference; fileEncoding = 4; lastKnownFileType = sourcecode.c.h; path = "MNColorKit-Prefix.pch"; sourceTree = "<group>"; };
		040BBFB91973E07F00F285CA /* MNColorKit.h */ = {isa = PBXFileReference; fileEncoding = 4; lastKnownFileType = sourcecode.c.h; path = MNColorKit.h; sourceTree = "<group>"; };
		040BBFBA1973E07F00F285CA /* RGBX.h */ = {isa = PBXFileReference; fileEncoding = 4; lastKnownFileType = sourcecode.c.h; path = RGBX.h; sourceTree = "<group>"; };
		040BBFBB1973E07F00F285CA /* UIView+MNColorKitImages.h */ = {isa = PBXFileReference; fileEncoding = 4; lastKnownFileType = sourcecode.c.h; path = "UIView+MNColorKitImages.h"; sourceTree = "<group>"; };
		040BBFBC1973E07F00F285CA /* UIView+MNColorKitImages.m */ = {isa = PBXFileReference; fileEncoding = 4; lastKnownFileType = sourcecode.c.objc; path = "UIView+MNColorKitImages.m"; sourceTree = "<group>"; };
		040BBFBF19750E2100F285CA /* GuideView.h */ = {isa = PBXFileReference; fileEncoding = 4; lastKnownFileType = sourcecode.c.h; path = GuideView.h; sourceTree = "<group>"; };
		040BBFC019750E2100F285CA /* GuideView.m */ = {isa = PBXFileReference; fileEncoding = 4; lastKnownFileType = sourcecode.c.objc; path = GuideView.m; sourceTree = "<group>"; };
		040BBFC719751D0800F285CA /* ResumeColor.h */ = {isa = PBXFileReference; fileEncoding = 4; lastKnownFileType = sourcecode.c.h; path = ResumeColor.h; sourceTree = "<group>"; };
		040BBFC819751D0800F285CA /* ResumeColor.m */ = {isa = PBXFileReference; fileEncoding = 4; lastKnownFileType = sourcecode.c.objc; path = ResumeColor.m; sourceTree = "<group>"; };
		040BBFE21975387A00F285CA /* ResumerViewController.h */ = {isa = PBXFileReference; fileEncoding = 4; lastKnownFileType = sourcecode.c.h; path = ResumerViewController.h; sourceTree = "<group>"; };
		040BBFE31975387A00F285CA /* ResumerViewController.m */ = {isa = PBXFileReference; fileEncoding = 4; lastKnownFileType = sourcecode.c.objc; path = ResumerViewController.m; sourceTree = "<group>"; };
		040BBFE619765A9000F285CA /* Colours.h */ = {isa = PBXFileReference; fileEncoding = 4; lastKnownFileType = sourcecode.c.h; name = Colours.h; path = ResumeManage/Classes/Colours.h; sourceTree = SOURCE_ROOT; };
		040BBFE719765A9000F285CA /* Colours.m */ = {isa = PBXFileReference; fileEncoding = 4; lastKnownFileType = sourcecode.c.objc; name = Colours.m; path = ResumeManage/Classes/Colours.m; sourceTree = SOURCE_ROOT; };
		DF239C27195915B600ECB3D5 /* ResumeManage.app */ = {isa = PBXFileReference; explicitFileType = wrapper.application; includeInIndex = 0; path = ResumeManage.app; sourceTree = BUILT_PRODUCTS_DIR; };
		DF239C2A195915B600ECB3D5 /* Foundation.framework */ = {isa = PBXFileReference; lastKnownFileType = wrapper.framework; name = Foundation.framework; path = System/Library/Frameworks/Foundation.framework; sourceTree = SDKROOT; };
		DF239C2C195915B600ECB3D5 /* CoreGraphics.framework */ = {isa = PBXFileReference; lastKnownFileType = wrapper.framework; name = CoreGraphics.framework; path = System/Library/Frameworks/CoreGraphics.framework; sourceTree = SDKROOT; };
		DF239C2E195915B600ECB3D5 /* UIKit.framework */ = {isa = PBXFileReference; lastKnownFileType = wrapper.framework; name = UIKit.framework; path = System/Library/Frameworks/UIKit.framework; sourceTree = SDKROOT; };
		DF239C32195915B600ECB3D5 /* ResumeManage-Info.plist */ = {isa = PBXFileReference; lastKnownFileType = text.plist.xml; path = "ResumeManage-Info.plist"; sourceTree = "<group>"; };
		DF239C34195915B600ECB3D5 /* en */ = {isa = PBXFileReference; lastKnownFileType = text.plist.strings; name = en; path = en.lproj/InfoPlist.strings; sourceTree = "<group>"; };
		DF239C36195915B600ECB3D5 /* main.m */ = {isa = PBXFileReference; lastKnownFileType = sourcecode.c.objc; path = main.m; sourceTree = "<group>"; };
		DF239C38195915B600ECB3D5 /* ResumeManage-Prefix.pch */ = {isa = PBXFileReference; lastKnownFileType = sourcecode.c.h; path = "ResumeManage-Prefix.pch"; sourceTree = "<group>"; };
		DF239C39195915B600ECB3D5 /* HomeAppDelegate.h */ = {isa = PBXFileReference; lastKnownFileType = sourcecode.c.h; path = HomeAppDelegate.h; sourceTree = "<group>"; };
		DF239C3A195915B600ECB3D5 /* HomeAppDelegate.m */ = {isa = PBXFileReference; lastKnownFileType = sourcecode.c.objc; path = HomeAppDelegate.m; sourceTree = "<group>"; };
		DF239C3D195915B600ECB3D5 /* Base */ = {isa = PBXFileReference; lastKnownFileType = file.storyboard; name = Base; path = Base.lproj/Main.storyboard; sourceTree = "<group>"; };
		DF239C42195915B600ECB3D5 /* Images.xcassets */ = {isa = PBXFileReference; lastKnownFileType = folder.assetcatalog; path = Images.xcassets; sourceTree = "<group>"; };
		DF239C48195915B600ECB3D5 /* ResumeManageTests.xctest */ = {isa = PBXFileReference; explicitFileType = wrapper.cfbundle; includeInIndex = 0; path = ResumeManageTests.xctest; sourceTree = BUILT_PRODUCTS_DIR; };
		DF239C49195915B600ECB3D5 /* XCTest.framework */ = {isa = PBXFileReference; lastKnownFileType = wrapper.framework; name = XCTest.framework; path = Library/Frameworks/XCTest.framework; sourceTree = DEVELOPER_DIR; };
		DF239C51195915B600ECB3D5 /* ResumeManageTests-Info.plist */ = {isa = PBXFileReference; lastKnownFileType = text.plist.xml; path = "ResumeManageTests-Info.plist"; sourceTree = "<group>"; };
		DF239C53195915B600ECB3D5 /* en */ = {isa = PBXFileReference; lastKnownFileType = text.plist.strings; name = en; path = en.lproj/InfoPlist.strings; sourceTree = "<group>"; };
		DF239C55195915B600ECB3D5 /* ResumeManageTests.m */ = {isa = PBXFileReference; lastKnownFileType = sourcecode.c.objc; path = ResumeManageTests.m; sourceTree = "<group>"; };
		DF80F53A196CEE3D0023FCA6 /* CPKenburnsView.h */ = {isa = PBXFileReference; fileEncoding = 4; lastKnownFileType = sourcecode.c.h; path = CPKenburnsView.h; sourceTree = "<group>"; };
		DF80F53B196CEE3D0023FCA6 /* CPKenburnsView.m */ = {isa = PBXFileReference; fileEncoding = 4; lastKnownFileType = sourcecode.c.objc; path = CPKenburnsView.m; sourceTree = "<group>"; };
		DF80F53F196D140A0023FCA6 /* EducationViewController.h */ = {isa = PBXFileReference; fileEncoding = 4; lastKnownFileType = sourcecode.c.h; path = EducationViewController.h; sourceTree = "<group>"; };
		DF80F540196D140A0023FCA6 /* EducationViewController.m */ = {isa = PBXFileReference; fileEncoding = 4; lastKnownFileType = sourcecode.c.objc; path = EducationViewController.m; sourceTree = "<group>"; };
		DF80F54B196D34F90023FCA6 /* IntroControll.h */ = {isa = PBXFileReference; fileEncoding = 4; lastKnownFileType = sourcecode.c.h; path = IntroControll.h; sourceTree = "<group>"; };
		DF80F54C196D34F90023FCA6 /* IntroControll.m */ = {isa = PBXFileReference; fileEncoding = 4; lastKnownFileType = sourcecode.c.objc; path = IntroControll.m; sourceTree = "<group>"; };
		DF80F54D196D34F90023FCA6 /* IntroModel.h */ = {isa = PBXFileReference; fileEncoding = 4; lastKnownFileType = sourcecode.c.h; path = IntroModel.h; sourceTree = "<group>"; };
		DF80F54E196D34F90023FCA6 /* IntroModel.m */ = {isa = PBXFileReference; fileEncoding = 4; lastKnownFileType = sourcecode.c.objc; path = IntroModel.m; sourceTree = "<group>"; };
		DF80F54F196D34F90023FCA6 /* IntroView.h */ = {isa = PBXFileReference; fileEncoding = 4; lastKnownFileType = sourcecode.c.h; path = IntroView.h; sourceTree = "<group>"; };
		DF80F550196D34F90023FCA6 /* IntroView.m */ = {isa = PBXFileReference; fileEncoding = 4; lastKnownFileType = sourcecode.c.objc; path = IntroView.m; sourceTree = "<group>"; };
		DF9402FD196B92E200411FB9 /* Test.h */ = {isa = PBXFileReference; fileEncoding = 4; lastKnownFileType = sourcecode.c.h; path = Test.h; sourceTree = "<group>"; };
		DF9402FE196B92E200411FB9 /* Test.m */ = {isa = PBXFileReference; fileEncoding = 4; lastKnownFileType = sourcecode.c.objc; path = Test.m; sourceTree = "<group>"; };
		DF940306196BA2AD00411FB9 /* EGORefreshTableFootView.h */ = {isa = PBXFileReference; fileEncoding = 4; lastKnownFileType = sourcecode.c.h; path = EGORefreshTableFootView.h; sourceTree = "<group>"; };
		DF940307196BA2AD00411FB9 /* EGORefreshTableFootView.m */ = {isa = PBXFileReference; fileEncoding = 4; lastKnownFileType = sourcecode.c.objc; path = EGORefreshTableFootView.m; sourceTree = "<group>"; };
		DF940308196BA2AD00411FB9 /* EGORefreshTableHeaderView.h */ = {isa = PBXFileReference; fileEncoding = 4; lastKnownFileType = sourcecode.c.h; path = EGORefreshTableHeaderView.h; sourceTree = "<group>"; };
		DF940309196BA2AD00411FB9 /* EGORefreshTableHeaderView.m */ = {isa = PBXFileReference; fileEncoding = 4; lastKnownFileType = sourcecode.c.objc; path = EGORefreshTableHeaderView.m; sourceTree = "<group>"; };
		DF94030B196BA2AD00411FB9 /* blackArrow.png */ = {isa = PBXFileReference; lastKnownFileType = image.png; path = blackArrow.png; sourceTree = "<group>"; };
		DF94030C196BA2AD00411FB9 /* blackArrow@2x.png */ = {isa = PBXFileReference; lastKnownFileType = image.png; path = "blackArrow@2x.png"; sourceTree = "<group>"; };
		DF94030D196BA2AD00411FB9 /* blueArrow.png */ = {isa = PBXFileReference; lastKnownFileType = image.png; path = blueArrow.png; sourceTree = "<group>"; };
		DF94030E196BA2AD00411FB9 /* blueArrow@2x.png */ = {isa = PBXFileReference; lastKnownFileType = image.png; path = "blueArrow@2x.png"; sourceTree = "<group>"; };
		DF94030F196BA2AD00411FB9 /* grayArrow.png */ = {isa = PBXFileReference; lastKnownFileType = image.png; path = grayArrow.png; sourceTree = "<group>"; };
		DF940310196BA2AD00411FB9 /* grayArrow@2x.png */ = {isa = PBXFileReference; lastKnownFileType = image.png; path = "grayArrow@2x.png"; sourceTree = "<group>"; };
		DF940311196BA2AD00411FB9 /* whiteArrow.png */ = {isa = PBXFileReference; lastKnownFileType = image.png; path = whiteArrow.png; sourceTree = "<group>"; };
		DF940312196BA2AD00411FB9 /* whiteArrow@2x.png */ = {isa = PBXFileReference; lastKnownFileType = image.png; path = "whiteArrow@2x.png"; sourceTree = "<group>"; };
		DF94031E196BA4D100411FB9 /* ModelTest.h */ = {isa = PBXFileReference; fileEncoding = 4; lastKnownFileType = sourcecode.c.h; path = ModelTest.h; sourceTree = "<group>"; };
		DF94031F196BA4D100411FB9 /* ModelTest.m */ = {isa = PBXFileReference; fileEncoding = 4; lastKnownFileType = sourcecode.c.objc; path = ModelTest.m; sourceTree = "<group>"; };
		DF940321196BA54400411FB9 /* LeadPageViewController.h */ = {isa = PBXFileReference; fileEncoding = 4; lastKnownFileType = sourcecode.c.h; path = LeadPageViewController.h; sourceTree = "<group>"; };
		DF940322196BA54400411FB9 /* LeadPageViewController.m */ = {isa = PBXFileReference; fileEncoding = 4; lastKnownFileType = sourcecode.c.objc; path = LeadPageViewController.m; sourceTree = "<group>"; };
		DFB09EF81974C6B400BC9A5F /* Education.h */ = {isa = PBXFileReference; fileEncoding = 4; lastKnownFileType = sourcecode.c.h; path = Education.h; sourceTree = "<group>"; };
		DFB09EF91974C6B400BC9A5F /* Education.m */ = {isa = PBXFileReference; fileEncoding = 4; lastKnownFileType = sourcecode.c.objc; path = Education.m; sourceTree = "<group>"; };
		DFC14DA3196A4AFC00305F33 /* JobWishViewController.h */ = {isa = PBXFileReference; fileEncoding = 4; lastKnownFileType = sourcecode.c.h; path = JobWishViewController.h; sourceTree = "<group>"; };
		DFC14DA4196A4AFC00305F33 /* JobWishViewController.m */ = {isa = PBXFileReference; fileEncoding = 4; lastKnownFileType = sourcecode.c.objc; path = JobWishViewController.m; sourceTree = "<group>"; };
		DFC14DA6196A4B2400305F33 /* HomeViewController.h */ = {isa = PBXFileReference; fileEncoding = 4; lastKnownFileType = sourcecode.c.h; path = HomeViewController.h; sourceTree = "<group>"; };
		DFC14DA7196A4B2400305F33 /* HomeViewController.m */ = {isa = PBXFileReference; fileEncoding = 4; lastKnownFileType = sourcecode.c.objc; path = HomeViewController.m; sourceTree = "<group>"; };
		DFCAC3AD19765E8900107703 /* AboutColours */ = {isa = PBXFileReference; fileEncoding = 4; lastKnownFileType = text; name = AboutColours; path = ResumeManage/Classes/AboutColours; sourceTree = SOURCE_ROOT; };
		DFD05B11196E43C600BD8F44 /* SuggestionsList.h */ = {isa = PBXFileReference; fileEncoding = 4; lastKnownFileType = sourcecode.c.h; path = SuggestionsList.h; sourceTree = "<group>"; };
		DFD05B12196E43C600BD8F44 /* SuggestionsList.m */ = {isa = PBXFileReference; fileEncoding = 4; lastKnownFileType = sourcecode.c.objc; path = SuggestionsList.m; sourceTree = "<group>"; };
		DFD05B14196E9B7F00BD8F44 /* SchoolMajorViewController.h */ = {isa = PBXFileReference; fileEncoding = 4; lastKnownFileType = sourcecode.c.h; path = SchoolMajorViewController.h; sourceTree = "<group>"; };
		DFD05B15196E9B7F00BD8F44 /* SchoolMajorViewController.m */ = {isa = PBXFileReference; fileEncoding = 4; lastKnownFileType = sourcecode.c.objc; path = SchoolMajorViewController.m; sourceTree = "<group>"; };
		DFD05B17196EA67D00BD8F44 /* ListSectionViewController.h */ = {isa = PBXFileReference; fileEncoding = 4; lastKnownFileType = sourcecode.c.h; path = ListSectionViewController.h; sourceTree = "<group>"; };
		DFD05B18196EA67D00BD8F44 /* ListSectionViewController.m */ = {isa = PBXFileReference; fileEncoding = 4; lastKnownFileType = sourcecode.c.objc; path = ListSectionViewController.m; sourceTree = "<group>"; };
/* End PBXFileReference section */

/* Begin PBXFrameworksBuildPhase section */
		DF239C24195915B600ECB3D5 /* Frameworks */ = {
			isa = PBXFrameworksBuildPhase;
			buildActionMask = 2147483647;
			files = (
				DF239C2D195915B600ECB3D5 /* CoreGraphics.framework in Frameworks */,
				DF239C2F195915B600ECB3D5 /* UIKit.framework in Frameworks */,
				DF239C2B195915B600ECB3D5 /* Foundation.framework in Frameworks */,
			);
			runOnlyForDeploymentPostprocessing = 0;
		};
		DF239C45195915B600ECB3D5 /* Frameworks */ = {
			isa = PBXFrameworksBuildPhase;
			buildActionMask = 2147483647;
			files = (
				DF239C4A195915B600ECB3D5 /* XCTest.framework in Frameworks */,
				DF239C4C195915B600ECB3D5 /* UIKit.framework in Frameworks */,
				DF239C4B195915B600ECB3D5 /* Foundation.framework in Frameworks */,
			);
			runOnlyForDeploymentPostprocessing = 0;
		};
/* End PBXFrameworksBuildPhase section */

/* Begin PBXGroup section */
		040BBFB11973DA8200F285CA /* BaseViewControllers */ = {
			isa = PBXGroup;
			children = (
				040BBFB21973DA9500F285CA /* BaseViewController.h */,
				040BBFB31973DA9500F285CA /* BaseViewController.m */,
			);
			path = BaseViewControllers;
			sourceTree = "<group>";
		};
		040BBFB51973E07F00F285CA /* MNColorKit */ = {
			isa = PBXGroup;
			children = (
				040BBFB61973E07F00F285CA /* MNColoredButton.h */,
				040BBFB71973E07F00F285CA /* MNColoredButton.m */,
				040BBFB81973E07F00F285CA /* MNColorKit-Prefix.pch */,
				040BBFB91973E07F00F285CA /* MNColorKit.h */,
				040BBFBA1973E07F00F285CA /* RGBX.h */,
				040BBFBB1973E07F00F285CA /* UIView+MNColorKitImages.h */,
				040BBFBC1973E07F00F285CA /* UIView+MNColorKitImages.m */,
			);
			path = MNColorKit;
			sourceTree = "<group>";
		};
		040BBFC61975177C00F285CA /* Classes */ = {
			isa = PBXGroup;
			children = (
				040BBFE519765A8700F285CA /* Colours */,
				040BBFC719751D0800F285CA /* ResumeColor.h */,
				040BBFC819751D0800F285CA /* ResumeColor.m */,
			);
			path = Classes;
			sourceTree = "<group>";
		};
		040BBFE11975376500F285CA /* ResumeViewController */ = {
			isa = PBXGroup;
			children = (
				040BBFE21975387A00F285CA /* ResumerViewController.h */,
				040BBFE31975387A00F285CA /* ResumerViewController.m */,
			);
			path = ResumeViewController;
			sourceTree = "<group>";
		};
		040BBFE519765A8700F285CA /* Colours */ = {
			isa = PBXGroup;
			children = (
				DFCAC3AD19765E8900107703 /* AboutColours */,
				040BBFE619765A9000F285CA /* Colours.h */,
				040BBFE719765A9000F285CA /* Colours.m */,
			);
			path = Colours;
			sourceTree = "<group>";
		};
		DF239C1E195915B600ECB3D5 = {
			isa = PBXGroup;
			children = (
				DF239C30195915B600ECB3D5 /* ResumeManage */,
				DF239C4F195915B600ECB3D5 /* ResumeManageTests */,
				DF239C29195915B600ECB3D5 /* Frameworks */,
				DF239C28195915B600ECB3D5 /* Products */,
			);
			sourceTree = "<group>";
		};
		DF239C28195915B600ECB3D5 /* Products */ = {
			isa = PBXGroup;
			children = (
				DF239C27195915B600ECB3D5 /* ResumeManage.app */,
				DF239C48195915B600ECB3D5 /* ResumeManageTests.xctest */,
			);
			name = Products;
			sourceTree = "<group>";
		};
		DF239C29195915B600ECB3D5 /* Frameworks */ = {
			isa = PBXGroup;
			children = (
				DF239C2A195915B600ECB3D5 /* Foundation.framework */,
				DF239C2C195915B600ECB3D5 /* CoreGraphics.framework */,
				DF239C2E195915B600ECB3D5 /* UIKit.framework */,
				DF239C49195915B600ECB3D5 /* XCTest.framework */,
			);
			name = Frameworks;
			sourceTree = "<group>";
		};
		DF239C30195915B600ECB3D5 /* ResumeManage */ = {
			isa = PBXGroup;
			children = (
				040BBFC61975177C00F285CA /* Classes */,
				DF9402F9196B91F200411FB9 /* Views */,
				DF9402F8196B91E800411FB9 /* Models */,
				DFC14DA2196A4AD600305F33 /* Controllers */,
				DFD52C371963F1C9001F1DF3 /* ThreeParty */,
				DF239C39195915B600ECB3D5 /* HomeAppDelegate.h */,
				DF239C3A195915B600ECB3D5 /* HomeAppDelegate.m */,
				DF239C3C195915B600ECB3D5 /* Main.storyboard */,
				DF239C42195915B600ECB3D5 /* Images.xcassets */,
				DF239C31195915B600ECB3D5 /* Supporting Files */,
			);
			path = ResumeManage;
			sourceTree = "<group>";
		};
		DF239C31195915B600ECB3D5 /* Supporting Files */ = {
			isa = PBXGroup;
			children = (
				DF239C32195915B600ECB3D5 /* ResumeManage-Info.plist */,
				DF239C33195915B600ECB3D5 /* InfoPlist.strings */,
				DF239C36195915B600ECB3D5 /* main.m */,
				DF239C38195915B600ECB3D5 /* ResumeManage-Prefix.pch */,
			);
			name = "Supporting Files";
			sourceTree = "<group>";
		};
		DF239C4F195915B600ECB3D5 /* ResumeManageTests */ = {
			isa = PBXGroup;
			children = (
				DF239C55195915B600ECB3D5 /* ResumeManageTests.m */,
				DF239C50195915B600ECB3D5 /* Supporting Files */,
			);
			path = ResumeManageTests;
			sourceTree = "<group>";
		};
		DF239C50195915B600ECB3D5 /* Supporting Files */ = {
			isa = PBXGroup;
			children = (
				DF239C51195915B600ECB3D5 /* ResumeManageTests-Info.plist */,
				DF239C52195915B600ECB3D5 /* InfoPlist.strings */,
			);
			name = "Supporting Files";
			sourceTree = "<group>";
		};
		DF80F539196CEE3D0023FCA6 /* CPKenburns */ = {
			isa = PBXGroup;
			children = (
				DF80F53A196CEE3D0023FCA6 /* CPKenburnsView.h */,
				DF80F53B196CEE3D0023FCA6 /* CPKenburnsView.m */,
			);
			path = CPKenburns;
			sourceTree = "<group>";
		};
		DF80F54A196D34F90023FCA6 /* IntroControll */ = {
			isa = PBXGroup;
			children = (
				DF80F54B196D34F90023FCA6 /* IntroControll.h */,
				DF80F54C196D34F90023FCA6 /* IntroControll.m */,
				DF80F54D196D34F90023FCA6 /* IntroModel.h */,
				DF80F54E196D34F90023FCA6 /* IntroModel.m */,
				DF80F54F196D34F90023FCA6 /* IntroView.h */,
				DF80F550196D34F90023FCA6 /* IntroView.m */,
			);
			path = IntroControll;
			sourceTree = "<group>";
		};
		DF9402F8196B91E800411FB9 /* Models */ = {
			isa = PBXGroup;
			children = (
				040BBFA21973B54200F285CA /* Resume.h */,
				040BBFA31973B54200F285CA /* Resume.m */,
				DF94031E196BA4D100411FB9 /* ModelTest.h */,
				DF94031F196BA4D100411FB9 /* ModelTest.m */,
				040BBFA81973B6DD00F285CA /* Personal.h */,
				040BBFA91973B6DD00F285CA /* Personal.m */,
				040BBFAB1973B95400F285CA /* Base.h */,
				040BBFAC1973B95400F285CA /* Base.m */,
				040BBFAE1973BEC700F285CA /* Objective.h */,
				040BBFAF1973BEC700F285CA /* Objective.m */,
				DFB09EF81974C6B400BC9A5F /* Education.h */,
				DFB09EF91974C6B400BC9A5F /* Education.m */,
			);
			path = Models;
			sourceTree = "<group>";
		};
		DF9402F9196B91F200411FB9 /* Views */ = {
			isa = PBXGroup;
			children = (
				DF9402FD196B92E200411FB9 /* Test.h */,
				DF9402FE196B92E200411FB9 /* Test.m */,
				040BBF9F1973A97100F285CA /* ListTableViewCell.h */,
				040BBFA01973A97100F285CA /* ListTableViewCell.m */,
				040BBFBF19750E2100F285CA /* GuideView.h */,
				040BBFC019750E2100F285CA /* GuideView.m */,
			);
			path = Views;
			sourceTree = "<group>";
		};
		DF940305196BA2AD00411FB9 /* EGOTableViewPullRefresh */ = {
			isa = PBXGroup;
			children = (
				DF940306196BA2AD00411FB9 /* EGORefreshTableFootView.h */,
				DF940307196BA2AD00411FB9 /* EGORefreshTableFootView.m */,
				DF940308196BA2AD00411FB9 /* EGORefreshTableHeaderView.h */,
				DF940309196BA2AD00411FB9 /* EGORefreshTableHeaderView.m */,
				DF94030A196BA2AD00411FB9 /* Resources */,
			);
			path = EGOTableViewPullRefresh;
			sourceTree = "<group>";
		};
		DF94030A196BA2AD00411FB9 /* Resources */ = {
			isa = PBXGroup;
			children = (
				DF94030B196BA2AD00411FB9 /* blackArrow.png */,
				DF94030C196BA2AD00411FB9 /* blackArrow@2x.png */,
				DF94030D196BA2AD00411FB9 /* blueArrow.png */,
				DF94030E196BA2AD00411FB9 /* blueArrow@2x.png */,
				DF94030F196BA2AD00411FB9 /* grayArrow.png */,
				DF940310196BA2AD00411FB9 /* grayArrow@2x.png */,
				DF940311196BA2AD00411FB9 /* whiteArrow.png */,
				DF940312196BA2AD00411FB9 /* whiteArrow@2x.png */,
			);
			path = Resources;
			sourceTree = "<group>";
		};
		DFC14DA2196A4AD600305F33 /* Controllers */ = {
			isa = PBXGroup;
			children = (
				040BBFE11975376500F285CA /* ResumeViewController */,
				040BBFB11973DA8200F285CA /* BaseViewControllers */,
				DFC14DA6196A4B2400305F33 /* HomeViewController.h */,
				DFC14DA7196A4B2400305F33 /* HomeViewController.m */,
				DFC14DA3196A4AFC00305F33 /* JobWishViewController.h */,
				DFC14DA4196A4AFC00305F33 /* JobWishViewController.m */,
				DF940321196BA54400411FB9 /* LeadPageViewController.h */,
				DF940322196BA54400411FB9 /* LeadPageViewController.m */,
				DF80F53F196D140A0023FCA6 /* EducationViewController.h */,
				DF80F540196D140A0023FCA6 /* EducationViewController.m */,
				DFD05B14196E9B7F00BD8F44 /* SchoolMajorViewController.h */,
				DFD05B15196E9B7F00BD8F44 /* SchoolMajorViewController.m */,
				DFD05B17196EA67D00BD8F44 /* ListSectionViewController.h */,
				DFD05B18196EA67D00BD8F44 /* ListSectionViewController.m */,
			);
			path = Controllers;
			sourceTree = "<group>";
		};
		DFD05B10196E43C600BD8F44 /* SuggestionsList */ = {
			isa = PBXGroup;
			children = (
				DFD05B11196E43C600BD8F44 /* SuggestionsList.h */,
				DFD05B12196E43C600BD8F44 /* SuggestionsList.m */,
			);
			path = SuggestionsList;
			sourceTree = "<group>";
		};
		DFD52C371963F1C9001F1DF3 /* ThreeParty */ = {
			isa = PBXGroup;
			children = (
				040BBFB51973E07F00F285CA /* MNColorKit */,
				DFD05B10196E43C600BD8F44 /* SuggestionsList */,
				DF80F54A196D34F90023FCA6 /* IntroControll */,
				DF80F539196CEE3D0023FCA6 /* CPKenburns */,
				DF940305196BA2AD00411FB9 /* EGOTableViewPullRefresh */,
			);
			path = ThreeParty;
			sourceTree = "<group>";
		};
/* End PBXGroup section */

/* Begin PBXNativeTarget section */
		DF239C26195915B600ECB3D5 /* ResumeManage */ = {
			isa = PBXNativeTarget;
			buildConfigurationList = DF239C59195915B600ECB3D5 /* Build configuration list for PBXNativeTarget "ResumeManage" */;
			buildPhases = (
				DF239C23195915B600ECB3D5 /* Sources */,
				DF239C24195915B600ECB3D5 /* Frameworks */,
				DF239C25195915B600ECB3D5 /* Resources */,
			);
			buildRules = (
			);
			dependencies = (
			);
			name = ResumeManage;
			productName = ResumeManage;
			productReference = DF239C27195915B600ECB3D5 /* ResumeManage.app */;
			productType = "com.apple.product-type.application";
		};
		DF239C47195915B600ECB3D5 /* ResumeManageTests */ = {
			isa = PBXNativeTarget;
			buildConfigurationList = DF239C5C195915B600ECB3D5 /* Build configuration list for PBXNativeTarget "ResumeManageTests" */;
			buildPhases = (
				DF239C44195915B600ECB3D5 /* Sources */,
				DF239C45195915B600ECB3D5 /* Frameworks */,
				DF239C46195915B600ECB3D5 /* Resources */,
			);
			buildRules = (
			);
			dependencies = (
				DF239C4E195915B600ECB3D5 /* PBXTargetDependency */,
			);
			name = ResumeManageTests;
			productName = ResumeManageTests;
			productReference = DF239C48195915B600ECB3D5 /* ResumeManageTests.xctest */;
			productType = "com.apple.product-type.bundle.unit-test";
		};
/* End PBXNativeTarget section */

/* Begin PBXProject section */
		DF239C1F195915B600ECB3D5 /* Project object */ = {
			isa = PBXProject;
			attributes = {
				CLASSPREFIX = Home;
				LastUpgradeCheck = 0510;
				ORGANIZATIONNAME = "单好坤";
				TargetAttributes = {
					DF239C47195915B600ECB3D5 = {
						TestTargetID = DF239C26195915B600ECB3D5;
					};
				};
			};
			buildConfigurationList = DF239C22195915B600ECB3D5 /* Build configuration list for PBXProject "ResumeManage" */;
			compatibilityVersion = "Xcode 3.2";
			developmentRegion = English;
			hasScannedForEncodings = 0;
			knownRegions = (
				en,
				Base,
			);
			mainGroup = DF239C1E195915B600ECB3D5;
			productRefGroup = DF239C28195915B600ECB3D5 /* Products */;
			projectDirPath = "";
			projectRoot = "";
			targets = (
				DF239C26195915B600ECB3D5 /* ResumeManage */,
				DF239C47195915B600ECB3D5 /* ResumeManageTests */,
			);
		};
/* End PBXProject section */

/* Begin PBXResourcesBuildPhase section */
		DF239C25195915B600ECB3D5 /* Resources */ = {
			isa = PBXResourcesBuildPhase;
			buildActionMask = 2147483647;
			files = (
				DF94031D196BA39100411FB9 /* Main.storyboard in Resources */,
				DF239C43195915B600ECB3D5 /* Images.xcassets in Resources */,
				DF940315196BA2AD00411FB9 /* blackArrow.png in Resources */,
				DF239C35195915B600ECB3D5 /* InfoPlist.strings in Resources */,
				DF94031C196BA2AD00411FB9 /* whiteArrow@2x.png in Resources */,
				DF94031A196BA2AD00411FB9 /* grayArrow@2x.png in Resources */,
				DF940318196BA2AD00411FB9 /* blueArrow@2x.png in Resources */,
				DF940317196BA2AD00411FB9 /* blueArrow.png in Resources */,
				DF940316196BA2AD00411FB9 /* blackArrow@2x.png in Resources */,
				DF94031B196BA2AD00411FB9 /* whiteArrow.png in Resources */,
				DFCAC3AE19765E8900107703 /* AboutColours in Resources */,
				DF940319196BA2AD00411FB9 /* grayArrow.png in Resources */,
			);
			runOnlyForDeploymentPostprocessing = 0;
		};
		DF239C46195915B600ECB3D5 /* Resources */ = {
			isa = PBXResourcesBuildPhase;
			buildActionMask = 2147483647;
			files = (
				DF239C54195915B600ECB3D5 /* InfoPlist.strings in Resources */,
			);
			runOnlyForDeploymentPostprocessing = 0;
		};
/* End PBXResourcesBuildPhase section */

/* Begin PBXSourcesBuildPhase section */
		DF239C23195915B600ECB3D5 /* Sources */ = {
			isa = PBXSourcesBuildPhase;
			buildActionMask = 2147483647;
			files = (
				DFD05B13196E43C600BD8F44 /* SuggestionsList.m in Sources */,
				040BBFB01973BEC700F285CA /* Objective.m in Sources */,
				DFB09EFA1974C6B400BC9A5F /* Education.m in Sources */,
				040BBFBE1973E07F00F285CA /* UIView+MNColorKitImages.m in Sources */,
				040BBFC919751D0800F285CA /* ResumeColor.m in Sources */,
				DF239C37195915B600ECB3D5 /* main.m in Sources */,
				040BBFE41975387A00F285CA /* ResumerViewController.m in Sources */,
				DF940313196BA2AD00411FB9 /* EGORefreshTableFootView.m in Sources */,
				DF9402FF196B92E200411FB9 /* Test.m in Sources */,
				DFC14DA5196A4AFC00305F33 /* JobWishViewController.m in Sources */,
				DF940314196BA2AD00411FB9 /* EGORefreshTableHeaderView.m in Sources */,
				DFD05B16196E9B7F00BD8F44 /* SchoolMajorViewController.m in Sources */,
				DF80F53C196CEE3D0023FCA6 /* CPKenburnsView.m in Sources */,
				DF239C3B195915B600ECB3D5 /* HomeAppDelegate.m in Sources */,
				040BBFC119750E2100F285CA /* GuideView.m in Sources */,
				040BBFA11973A97100F285CA /* ListTableViewCell.m in Sources */,
				DF80F551196D34F90023FCA6 /* IntroControll.m in Sources */,
				DF940323196BA54400411FB9 /* LeadPageViewController.m in Sources */,
				DFD05B19196EA67D00BD8F44 /* ListSectionViewController.m in Sources */,
				040BBFAA1973B6DD00F285CA /* Personal.m in Sources */,
				DF80F541196D140A0023FCA6 /* EducationViewController.m in Sources */,
				DFC14DA8196A4B2400305F33 /* HomeViewController.m in Sources */,
				040BBFA41973B54200F285CA /* Resume.m in Sources */,
				DF80F552196D34F90023FCA6 /* IntroModel.m in Sources */,
				040BBFBD1973E07F00F285CA /* MNColoredButton.m in Sources */,
				040BBFE819765A9000F285CA /* Colours.m in Sources */,
				DF940320196BA4D100411FB9 /* ModelTest.m in Sources */,
				040BBFAD1973B95400F285CA /* Base.m in Sources */,
				DF80F553196D34F90023FCA6 /* IntroView.m in Sources */,
				040BBFB41973DA9500F285CA /* BaseViewController.m in Sources */,
			);
			runOnlyForDeploymentPostprocessing = 0;
		};
		DF239C44195915B600ECB3D5 /* Sources */ = {
			isa = PBXSourcesBuildPhase;
			buildActionMask = 2147483647;
			files = (
				DF239C56195915B600ECB3D5 /* ResumeManageTests.m in Sources */,
			);
			runOnlyForDeploymentPostprocessing = 0;
		};
/* End PBXSourcesBuildPhase section */

/* Begin PBXTargetDependency section */
		DF239C4E195915B600ECB3D5 /* PBXTargetDependency */ = {
			isa = PBXTargetDependency;
			target = DF239C26195915B600ECB3D5 /* ResumeManage */;
			targetProxy = DF239C4D195915B600ECB3D5 /* PBXContainerItemProxy */;
		};
/* End PBXTargetDependency section */

/* Begin PBXVariantGroup section */
		DF239C33195915B600ECB3D5 /* InfoPlist.strings */ = {
			isa = PBXVariantGroup;
			children = (
				DF239C34195915B600ECB3D5 /* en */,
			);
			name = InfoPlist.strings;
			sourceTree = "<group>";
		};
		DF239C3C195915B600ECB3D5 /* Main.storyboard */ = {
			isa = PBXVariantGroup;
			children = (
				DF239C3D195915B600ECB3D5 /* Base */,
			);
			name = Main.storyboard;
			sourceTree = "<group>";
		};
		DF239C52195915B600ECB3D5 /* InfoPlist.strings */ = {
			isa = PBXVariantGroup;
			children = (
				DF239C53195915B600ECB3D5 /* en */,
			);
			name = InfoPlist.strings;
			sourceTree = "<group>";
		};
/* End PBXVariantGroup section */

/* Begin XCBuildConfiguration section */
		DF239C57195915B600ECB3D5 /* Debug */ = {
			isa = XCBuildConfiguration;
			buildSettings = {
				ALWAYS_SEARCH_USER_PATHS = NO;
				CLANG_CXX_LANGUAGE_STANDARD = "gnu++0x";
				CLANG_CXX_LIBRARY = "libc++";
				CLANG_ENABLE_MODULES = YES;
				CLANG_ENABLE_OBJC_ARC = YES;
				CLANG_WARN_BOOL_CONVERSION = YES;
				CLANG_WARN_CONSTANT_CONVERSION = YES;
				CLANG_WARN_DIRECT_OBJC_ISA_USAGE = YES_ERROR;
				CLANG_WARN_EMPTY_BODY = YES;
				CLANG_WARN_ENUM_CONVERSION = YES;
				CLANG_WARN_INT_CONVERSION = YES;
				CLANG_WARN_OBJC_ROOT_CLASS = YES_ERROR;
				CLANG_WARN__DUPLICATE_METHOD_MATCH = YES;
				"CODE_SIGN_IDENTITY[sdk=iphoneos*]" = "iPhone Developer";
				COPY_PHASE_STRIP = NO;
				GCC_C_LANGUAGE_STANDARD = gnu99;
				GCC_DYNAMIC_NO_PIC = NO;
				GCC_OPTIMIZATION_LEVEL = 0;
				GCC_PREPROCESSOR_DEFINITIONS = (
					"DEBUG=1",
					"$(inherited)",
				);
				GCC_SYMBOLS_PRIVATE_EXTERN = NO;
				GCC_WARN_64_TO_32_BIT_CONVERSION = YES;
				GCC_WARN_ABOUT_RETURN_TYPE = YES_ERROR;
				GCC_WARN_UNDECLARED_SELECTOR = YES;
				GCC_WARN_UNINITIALIZED_AUTOS = YES_AGGRESSIVE;
				GCC_WARN_UNUSED_FUNCTION = YES;
				GCC_WARN_UNUSED_VARIABLE = YES;
				IPHONEOS_DEPLOYMENT_TARGET = 7.1;
				ONLY_ACTIVE_ARCH = YES;
				SDKROOT = iphoneos;
			};
			name = Debug;
		};
		DF239C58195915B600ECB3D5 /* Release */ = {
			isa = XCBuildConfiguration;
			buildSettings = {
				ALWAYS_SEARCH_USER_PATHS = NO;
				CLANG_CXX_LANGUAGE_STANDARD = "gnu++0x";
				CLANG_CXX_LIBRARY = "libc++";
				CLANG_ENABLE_MODULES = YES;
				CLANG_ENABLE_OBJC_ARC = YES;
				CLANG_WARN_BOOL_CONVERSION = YES;
				CLANG_WARN_CONSTANT_CONVERSION = YES;
				CLANG_WARN_DIRECT_OBJC_ISA_USAGE = YES_ERROR;
				CLANG_WARN_EMPTY_BODY = YES;
				CLANG_WARN_ENUM_CONVERSION = YES;
				CLANG_WARN_INT_CONVERSION = YES;
				CLANG_WARN_OBJC_ROOT_CLASS = YES_ERROR;
				CLANG_WARN__DUPLICATE_METHOD_MATCH = YES;
				"CODE_SIGN_IDENTITY[sdk=iphoneos*]" = "iPhone Developer";
				COPY_PHASE_STRIP = YES;
				ENABLE_NS_ASSERTIONS = NO;
				GCC_C_LANGUAGE_STANDARD = gnu99;
				GCC_WARN_64_TO_32_BIT_CONVERSION = YES;
				GCC_WARN_ABOUT_RETURN_TYPE = YES_ERROR;
				GCC_WARN_UNDECLARED_SELECTOR = YES;
				GCC_WARN_UNINITIALIZED_AUTOS = YES_AGGRESSIVE;
				GCC_WARN_UNUSED_FUNCTION = YES;
				GCC_WARN_UNUSED_VARIABLE = YES;
				IPHONEOS_DEPLOYMENT_TARGET = 7.1;
				SDKROOT = iphoneos;
				VALIDATE_PRODUCT = YES;
			};
			name = Release;
		};
		DF239C5A195915B600ECB3D5 /* Debug */ = {
			isa = XCBuildConfiguration;
			buildSettings = {
				ASSETCATALOG_COMPILER_APPICON_NAME = AppIcon;
				ASSETCATALOG_COMPILER_LAUNCHIMAGE_NAME = LaunchImage;
				CODE_SIGN_IDENTITY = "iPhone Developer";
				GCC_PRECOMPILE_PREFIX_HEADER = YES;
				GCC_PREFIX_HEADER = "ResumeManage/ResumeManage-Prefix.pch";
				INFOPLIST_FILE = "ResumeManage/ResumeManage-Info.plist";
				IPHONEOS_DEPLOYMENT_TARGET = 7.1;
				PRODUCT_NAME = "$(TARGET_NAME)";
				WRAPPER_EXTENSION = app;
			};
			name = Debug;
		};
		DF239C5B195915B600ECB3D5 /* Release */ = {
			isa = XCBuildConfiguration;
			buildSettings = {
				ASSETCATALOG_COMPILER_APPICON_NAME = AppIcon;
				ASSETCATALOG_COMPILER_LAUNCHIMAGE_NAME = LaunchImage;
				CODE_SIGN_IDENTITY = "iPhone Developer";
				GCC_PRECOMPILE_PREFIX_HEADER = YES;
				GCC_PREFIX_HEADER = "ResumeManage/ResumeManage-Prefix.pch";
				INFOPLIST_FILE = "ResumeManage/ResumeManage-Info.plist";
				IPHONEOS_DEPLOYMENT_TARGET = 7.1;
				PRODUCT_NAME = "$(TARGET_NAME)";
				WRAPPER_EXTENSION = app;
			};
			name = Release;
		};
		DF239C5D195915B600ECB3D5 /* Debug */ = {
			isa = XCBuildConfiguration;
			buildSettings = {
				BUNDLE_LOADER = "$(BUILT_PRODUCTS_DIR)/ResumeManage.app/ResumeManage";
				FRAMEWORK_SEARCH_PATHS = (
					"$(SDKROOT)/Developer/Library/Frameworks",
					"$(inherited)",
					"$(DEVELOPER_FRAMEWORKS_DIR)",
				);
				GCC_PRECOMPILE_PREFIX_HEADER = YES;
				GCC_PREFIX_HEADER = "ResumeManage/ResumeManage-Prefix.pch";
				GCC_PREPROCESSOR_DEFINITIONS = (
					"DEBUG=1",
					"$(inherited)",
				);
				INFOPLIST_FILE = "ResumeManageTests/ResumeManageTests-Info.plist";
				PRODUCT_NAME = "$(TARGET_NAME)";
				TEST_HOST = "$(BUNDLE_LOADER)";
				WRAPPER_EXTENSION = xctest;
			};
			name = Debug;
		};
		DF239C5E195915B600ECB3D5 /* Release */ = {
			isa = XCBuildConfiguration;
			buildSettings = {
				BUNDLE_LOADER = "$(BUILT_PRODUCTS_DIR)/ResumeManage.app/ResumeManage";
				FRAMEWORK_SEARCH_PATHS = (
					"$(SDKROOT)/Developer/Library/Frameworks",
					"$(inherited)",
					"$(DEVELOPER_FRAMEWORKS_DIR)",
				);
				GCC_PRECOMPILE_PREFIX_HEADER = YES;
				GCC_PREFIX_HEADER = "ResumeManage/ResumeManage-Prefix.pch";
				INFOPLIST_FILE = "ResumeManageTests/ResumeManageTests-Info.plist";
				PRODUCT_NAME = "$(TARGET_NAME)";
				TEST_HOST = "$(BUNDLE_LOADER)";
				WRAPPER_EXTENSION = xctest;
			};
			name = Release;
		};
/* End XCBuildConfiguration section */

/* Begin XCConfigurationList section */
		DF239C22195915B600ECB3D5 /* Build configuration list for PBXProject "ResumeManage" */ = {
			isa = XCConfigurationList;
			buildConfigurations = (
				DF239C57195915B600ECB3D5 /* Debug */,
				DF239C58195915B600ECB3D5 /* Release */,
			);
			defaultConfigurationIsVisible = 0;
			defaultConfigurationName = Release;
		};
		DF239C59195915B600ECB3D5 /* Build configuration list for PBXNativeTarget "ResumeManage" */ = {
			isa = XCConfigurationList;
			buildConfigurations = (
				DF239C5A195915B600ECB3D5 /* Debug */,
				DF239C5B195915B600ECB3D5 /* Release */,
			);
			defaultConfigurationIsVisible = 0;
			defaultConfigurationName = Release;
		};
		DF239C5C195915B600ECB3D5 /* Build configuration list for PBXNativeTarget "ResumeManageTests" */ = {
			isa = XCConfigurationList;
			buildConfigurations = (
				DF239C5D195915B600ECB3D5 /* Debug */,
				DF239C5E195915B600ECB3D5 /* Release */,
			);
			defaultConfigurationIsVisible = 0;
			defaultConfigurationName = Release;
		};
/* End XCConfigurationList section */
	};
	rootObject = DF239C1F195915B600ECB3D5 /* Project object */;
}
