// !$*UTF8*$!
{
	archiveVersion = 1;
	classes = {
	};
	objectVersion = 46;
	objects = {

/* Begin PBXBuildFile section */
		DF239C2B195915B600ECB3D5 /* Foundation.framework in Frameworks */ = {isa = PBXBuildFile; fileRef = DF239C2A195915B600ECB3D5 /* Foundation.framework */; };
		DF239C2D195915B600ECB3D5 /* CoreGraphics.framework in Frameworks */ = {isa = PBXBuildFile; fileRef = DF239C2C195915B600ECB3D5 /* CoreGraphics.framework */; };
		DF239C2F195915B600ECB3D5 /* UIKit.framework in Frameworks */ = {isa = PBXBuildFile; fileRef = DF239C2E195915B600ECB3D5 /* UIKit.framework */; };
		DF239C35195915B600ECB3D5 /* InfoPlist.strings in Resources */ = {isa = PBXBuildFile; fileRef = DF239C33195915B600ECB3D5 /* InfoPlist.strings */; };
		DF239C37195915B600ECB3D5 /* main.m in Sources */ = {isa = PBXBuildFile; fileRef = DF239C36195915B600ECB3D5 /* main.m */; };
		DF239C3B195915B600ECB3D5 /* HomeAppDelegate.m in Sources */ = {isa = PBXBuildFile; fileRef = DF239C3A195915B600ECB3D5 /* HomeAppDelegate.m */; };
		DF239C3E195915B600ECB3D5 /* Main.storyboard in Resources */ = {isa = PBXBuildFile; fileRef = DF239C3C195915B600ECB3D5 /* Main.storyboard */; };
		DF239C43195915B600ECB3D5 /* Images.xcassets in Resources */ = {isa = PBXBuildFile; fileRef = DF239C42195915B600ECB3D5 /* Images.xcassets */; };
		DF239C4A195915B600ECB3D5 /* XCTest.framework in Frameworks */ = {isa = PBXBuildFile; fileRef = DF239C49195915B600ECB3D5 /* XCTest.framework */; };
		DF239C4B195915B600ECB3D5 /* Foundation.framework in Frameworks */ = {isa = PBXBuildFile; fileRef = DF239C2A195915B600ECB3D5 /* Foundation.framework */; };
		DF239C4C195915B600ECB3D5 /* UIKit.framework in Frameworks */ = {isa = PBXBuildFile; fileRef = DF239C2E195915B600ECB3D5 /* UIKit.framework */; };
		DF239C54195915B600ECB3D5 /* InfoPlist.strings in Resources */ = {isa = PBXBuildFile; fileRef = DF239C52195915B600ECB3D5 /* InfoPlist.strings */; };
		DF239C56195915B600ECB3D5 /* ResumeManageTests.m in Sources */ = {isa = PBXBuildFile; fileRef = DF239C55195915B600ECB3D5 /* ResumeManageTests.m */; };
		DFD52C311963A69D001F1DF3 /* HomeViewController.m in Sources */ = {isa = PBXBuildFile; fileRef = DFD52C2F1963A69D001F1DF3 /* HomeViewController.m */; };
/* End PBXBuildFile section */

/* Begin PBXContainerItemProxy section */
		DF239C4D195915B600ECB3D5 /* PBXContainerItemProxy */ = {
			isa = PBXContainerItemProxy;
			containerPortal = DF239C1F195915B600ECB3D5 /* Project object */;
			proxyType = 1;
			remoteGlobalIDString = DF239C26195915B600ECB3D5;
			remoteInfo = ResumeManage;
		};
/* End PBXContainerItemProxy section */

/* Begin PBXFileReference section */
		DF239C27195915B600ECB3D5 /* ResumeManage.app */ = {isa = PBXFileReference; explicitFileType = wrapper.application; includeInIndex = 0; path = ResumeManage.app; sourceTree = BUILT_PRODUCTS_DIR; };
		DF239C2A195915B600ECB3D5 /* Foundation.framework */ = {isa = PBXFileReference; lastKnownFileType = wrapper.framework; name = Foundation.framework; path = System/Library/Frameworks/Foundation.framework; sourceTree = SDKROOT; };
		DF239C2C195915B600ECB3D5 /* CoreGraphics.framework */ = {isa = PBXFileReference; lastKnownFileType = wrapper.framework; name = CoreGraphics.framework; path = System/Library/Frameworks/CoreGraphics.framework; sourceTree = SDKROOT; };
		DF239C2E195915B600ECB3D5 /* UIKit.framework */ = {isa = PBXFileReference; lastKnownFileType = wrapper.framework; name = UIKit.framework; path = System/Library/Frameworks/UIKit.framework; sourceTree = SDKROOT; };
		DF239C32195915B600ECB3D5 /* ResumeManage-Info.plist */ = {isa = PBXFileReference; lastKnownFileType = text.plist.xml; path = "ResumeManage-Info.plist"; sourceTree = "<group>"; };
		DF239C34195915B600ECB3D5 /* en */ = {isa = PBXFileReference; lastKnownFileType = text.plist.strings; name = en; path = en.lproj/InfoPlist.strings; sourceTree = "<group>"; };
		DF239C36195915B600ECB3D5 /* main.m */ = {isa = PBXFileReference; lastKnownFileType = sourcecode.c.objc; path = main.m; sourceTree = "<group>"; };
		DF239C38195915B600ECB3D5 /* ResumeManage-Prefix.pch */ = {isa = PBXFileReference; lastKnownFileType = sourcecode.c.h; path = "ResumeManage-Prefix.pch"; sourceTree = "<group>"; };
		DF239C39195915B600ECB3D5 /* HomeAppDelegate.h */ = {isa = PBXFileReference; lastKnownFileType = sourcecode.c.h; path = HomeAppDelegate.h; sourceTree = "<group>"; };
		DF239C3A195915B600ECB3D5 /* HomeAppDelegate.m */ = {isa = PBXFileReference; lastKnownFileType = sourcecode.c.objc; path = HomeAppDelegate.m; sourceTree = "<group>"; };
		DF239C3D195915B600ECB3D5 /* Base */ = {isa = PBXFileReference; lastKnownFileType = file.storyboard; name = Base; path = Base.lproj/Main.storyboard; sourceTree = "<group>"; };
		DF239C42195915B600ECB3D5 /* Images.xcassets */ = {isa = PBXFileReference; lastKnownFileType = folder.assetcatalog; path = Images.xcassets; sourceTree = "<group>"; };
		DF239C48195915B600ECB3D5 /* ResumeManageTests.xctest */ = {isa = PBXFileReference; explicitFileType = wrapper.cfbundle; includeInIndex = 0; path = ResumeManageTests.xctest; sourceTree = BUILT_PRODUCTS_DIR; };
		DF239C49195915B600ECB3D5 /* XCTest.framework */ = {isa = PBXFileReference; lastKnownFileType = wrapper.framework; name = XCTest.framework; path = Library/Frameworks/XCTest.framework; sourceTree = DEVELOPER_DIR; };
		DF239C51195915B600ECB3D5 /* ResumeManageTests-Info.plist */ = {isa = PBXFileReference; lastKnownFileType = text.plist.xml; path = "ResumeManageTests-Info.plist"; sourceTree = "<group>"; };
		DF239C53195915B600ECB3D5 /* en */ = {isa = PBXFileReference; lastKnownFileType = text.plist.strings; name = en; path = en.lproj/InfoPlist.strings; sourceTree = "<group>"; };
		DF239C55195915B600ECB3D5 /* ResumeManageTests.m */ = {isa = PBXFileReference; lastKnownFileType = sourcecode.c.objc; path = ResumeManageTests.m; sourceTree = "<group>"; };
		DFD52C2F1963A69D001F1DF3 /* HomeViewController.m */ = {isa = PBXFileReference; fileEncoding = 4; lastKnownFileType = sourcecode.c.objc; name = HomeViewController.m; path = ResumeManage/HomeViewController.m; sourceTree = SOURCE_ROOT; };
		DFD52C301963A69D001F1DF3 /* HomeViewController.h */ = {isa = PBXFileReference; fileEncoding = 4; lastKnownFileType = sourcecode.c.h; name = HomeViewController.h; path = ResumeManage/HomeViewController.h; sourceTree = SOURCE_ROOT; };
/* End PBXFileReference section */

/* Begin PBXFrameworksBuildPhase section */
		DF239C24195915B600ECB3D5 /* Frameworks */ = {
			isa = PBXFrameworksBuildPhase;
			buildActionMask = 2147483647;
			files = (
				DF239C2D195915B600ECB3D5 /* CoreGraphics.framework in Frameworks */,
				DF239C2F195915B600ECB3D5 /* UIKit.framework in Frameworks */,
				DF239C2B195915B600ECB3D5 /* Foundation.framework in Frameworks */,
			);
			runOnlyForDeploymentPostprocessing = 0;
		};
		DF239C45195915B600ECB3D5 /* Frameworks */ = {
			isa = PBXFrameworksBuildPhase;
			buildActionMask = 2147483647;
			files = (
				DF239C4A195915B600ECB3D5 /* XCTest.framework in Frameworks */,
				DF239C4C195915B600ECB3D5 /* UIKit.framework in Frameworks */,
				DF239C4B195915B600ECB3D5 /* Foundation.framework in Frameworks */,
			);
			runOnlyForDeploymentPostprocessing = 0;
		};
/* End PBXFrameworksBuildPhase section */

/* Begin PBXGroup section */
		DF239C1E195915B600ECB3D5 = {
			isa = PBXGroup;
			children = (
				DF239C30195915B600ECB3D5 /* ResumeManage */,
				DF239C4F195915B600ECB3D5 /* ResumeManageTests */,
				DF239C29195915B600ECB3D5 /* Frameworks */,
				DF239C28195915B600ECB3D5 /* Products */,
			);
			sourceTree = "<group>";
		};
		DF239C28195915B600ECB3D5 /* Products */ = {
			isa = PBXGroup;
			children = (
				DF239C27195915B600ECB3D5 /* ResumeManage.app */,
				DF239C48195915B600ECB3D5 /* ResumeManageTests.xctest */,
			);
			name = Products;
			sourceTree = "<group>";
		};
		DF239C29195915B600ECB3D5 /* Frameworks */ = {
			isa = PBXGroup;
			children = (
				DF239C2A195915B600ECB3D5 /* Foundation.framework */,
				DF239C2C195915B600ECB3D5 /* CoreGraphics.framework */,
				DF239C2E195915B600ECB3D5 /* UIKit.framework */,
				DF239C49195915B600ECB3D5 /* XCTest.framework */,
			);
			name = Frameworks;
			sourceTree = "<group>";
		};
		DF239C30195915B600ECB3D5 /* ResumeManage */ = {
			isa = PBXGroup;
			children = (
				DF239C611959162900ECB3D5 /* ThirdParty */,
				DF239C601959161800ECB3D5 /* Views */,
				DF239C5F1959160C00ECB3D5 /* Controllers */,
				DF239C39195915B600ECB3D5 /* HomeAppDelegate.h */,
				DF239C3A195915B600ECB3D5 /* HomeAppDelegate.m */,
				DF239C3C195915B600ECB3D5 /* Main.storyboard */,
				DF239C42195915B600ECB3D5 /* Images.xcassets */,
				DF239C31195915B600ECB3D5 /* Supporting Files */,
			);
			path = ResumeManage;
			sourceTree = "<group>";
		};
		DF239C31195915B600ECB3D5 /* Supporting Files */ = {
			isa = PBXGroup;
			children = (
				DF239C32195915B600ECB3D5 /* ResumeManage-Info.plist */,
				DF239C33195915B600ECB3D5 /* InfoPlist.strings */,
				DF239C36195915B600ECB3D5 /* main.m */,
				DF239C38195915B600ECB3D5 /* ResumeManage-Prefix.pch */,
			);
			name = "Supporting Files";
			sourceTree = "<group>";
		};
		DF239C4F195915B600ECB3D5 /* ResumeManageTests */ = {
			isa = PBXGroup;
			children = (
				DF239C55195915B600ECB3D5 /* ResumeManageTests.m */,
				DF239C50195915B600ECB3D5 /* Supporting Files */,
			);
			path = ResumeManageTests;
			sourceTree = "<group>";
		};
		DF239C50195915B600ECB3D5 /* Supporting Files */ = {
			isa = PBXGroup;
			children = (
				DF239C51195915B600ECB3D5 /* ResumeManageTests-Info.plist */,
				DF239C52195915B600ECB3D5 /* InfoPlist.strings */,
			);
			name = "Supporting Files";
			sourceTree = "<group>";
		};
		DF239C5F1959160C00ECB3D5 /* Controllers */ = {
			isa = PBXGroup;
			children = (
				DFD52C301963A69D001F1DF3 /* HomeViewController.h */,
				DFD52C2F1963A69D001F1DF3 /* HomeViewController.m */,
			);
			path = Controllers;
			sourceTree = "<group>";
		};
		DF239C601959161800ECB3D5 /* Views */ = {
			isa = PBXGroup;
			children = (
			);
			path = Views;
			sourceTree = "<group>";
		};
		DF239C611959162900ECB3D5 /* ThirdParty */ = {
			isa = PBXGroup;
			children = (
			);
			name = ThirdParty;
			path = " ThirdParty";
			sourceTree = "<group>";
		};
/* End PBXGroup section */

/* Begin PBXNativeTarget section */
		DF239C26195915B600ECB3D5 /* ResumeManage */ = {
			isa = PBXNativeTarget;
			buildConfigurationList = DF239C59195915B600ECB3D5 /* Build configuration list for PBXNativeTarget "ResumeManage" */;
			buildPhases = (
				DF239C23195915B600ECB3D5 /* Sources */,
				DF239C24195915B600ECB3D5 /* Frameworks */,
				DF239C25195915B600ECB3D5 /* Resources */,
			);
			buildRules = (
			);
			dependencies = (
			);
			name = ResumeManage;
			productName = ResumeManage;
			productReference = DF239C27195915B600ECB3D5 /* ResumeManage.app */;
			productType = "com.apple.product-type.application";
		};
		DF239C47195915B600ECB3D5 /* ResumeManageTests */ = {
			isa = PBXNativeTarget;
			buildConfigurationList = DF239C5C195915B600ECB3D5 /* Build configuration list for PBXNativeTarget "ResumeManageTests" */;
			buildPhases = (
				DF239C44195915B600ECB3D5 /* Sources */,
				DF239C45195915B600ECB3D5 /* Frameworks */,
				DF239C46195915B600ECB3D5 /* Resources */,
			);
			buildRules = (
			);
			dependencies = (
				DF239C4E195915B600ECB3D5 /* PBXTargetDependency */,
			);
			name = ResumeManageTests;
			productName = ResumeManageTests;
			productReference = DF239C48195915B600ECB3D5 /* ResumeManageTests.xctest */;
			productType = "com.apple.product-type.bundle.unit-test";
		};
/* End PBXNativeTarget section */

/* Begin PBXProject section */
		DF239C1F195915B600ECB3D5 /* Project object */ = {
			isa = PBXProject;
			attributes = {
				CLASSPREFIX = Home;
				LastUpgradeCheck = 0510;
				ORGANIZATIONNAME = "单好坤";
				TargetAttributes = {
					DF239C47195915B600ECB3D5 = {
						TestTargetID = DF239C26195915B600ECB3D5;
					};
				};
			};
			buildConfigurationList = DF239C22195915B600ECB3D5 /* Build configuration list for PBXProject "ResumeManage" */;
			compatibilityVersion = "Xcode 3.2";
			developmentRegion = English;
			hasScannedForEncodings = 0;
			knownRegions = (
				en,
				Base,
			);
			mainGroup = DF239C1E195915B600ECB3D5;
			productRefGroup = DF239C28195915B600ECB3D5 /* Products */;
			projectDirPath = "";
			projectRoot = "";
			targets = (
				DF239C26195915B600ECB3D5 /* ResumeManage */,
				DF239C47195915B600ECB3D5 /* ResumeManageTests */,
			);
		};
/* End PBXProject section */

/* Begin PBXResourcesBuildPhase section */
		DF239C25195915B600ECB3D5 /* Resources */ = {
			isa = PBXResourcesBuildPhase;
			buildActionMask = 2147483647;
			files = (
				DF239C43195915B600ECB3D5 /* Images.xcassets in Resources */,
				DF239C35195915B600ECB3D5 /* InfoPlist.strings in Resources */,
				DF239C3E195915B600ECB3D5 /* Main.storyboard in Resources */,
			);
			runOnlyForDeploymentPostprocessing = 0;
		};
		DF239C46195915B600ECB3D5 /* Resources */ = {
			isa = PBXResourcesBuildPhase;
			buildActionMask = 2147483647;
			files = (
				DF239C54195915B600ECB3D5 /* InfoPlist.strings in Resources */,
			);
			runOnlyForDeploymentPostprocessing = 0;
		};
/* End PBXResourcesBuildPhase section */

/* Begin PBXSourcesBuildPhase section */
		DF239C23195915B600ECB3D5 /* Sources */ = {
			isa = PBXSourcesBuildPhase;
			buildActionMask = 2147483647;
			files = (
				DF239C37195915B600ECB3D5 /* main.m in Sources */,
				DF239C3B195915B600ECB3D5 /* HomeAppDelegate.m in Sources */,
				DFD52C311963A69D001F1DF3 /* HomeViewController.m in Sources */,
			);
			runOnlyForDeploymentPostprocessing = 0;
		};
		DF239C44195915B600ECB3D5 /* Sources */ = {
			isa = PBXSourcesBuildPhase;
			buildActionMask = 2147483647;
			files = (
				DF239C56195915B600ECB3D5 /* ResumeManageTests.m in Sources */,
			);
			runOnlyForDeploymentPostprocessing = 0;
		};
/* End PBXSourcesBuildPhase section */

/* Begin PBXTargetDependency section */
		DF239C4E195915B600ECB3D5 /* PBXTargetDependency */ = {
			isa = PBXTargetDependency;
			target = DF239C26195915B600ECB3D5 /* ResumeManage */;
			targetProxy = DF239C4D195915B600ECB3D5 /* PBXContainerItemProxy */;
		};
/* End PBXTargetDependency section */

/* Begin PBXVariantGroup section */
		DF239C33195915B600ECB3D5 /* InfoPlist.strings */ = {
			isa = PBXVariantGroup;
			children = (
				DF239C34195915B600ECB3D5 /* en */,
			);
			name = InfoPlist.strings;
			sourceTree = "<group>";
		};
		DF239C3C195915B600ECB3D5 /* Main.storyboard */ = {
			isa = PBXVariantGroup;
			children = (
				DF239C3D195915B600ECB3D5 /* Base */,
			);
			name = Main.storyboard;
			sourceTree = "<group>";
		};
		DF239C52195915B600ECB3D5 /* InfoPlist.strings */ = {
			isa = PBXVariantGroup;
			children = (
				DF239C53195915B600ECB3D5 /* en */,
			);
			name = InfoPlist.strings;
			sourceTree = "<group>";
		};
/* End PBXVariantGroup section */

/* Begin XCBuildConfiguration section */
		DF239C57195915B600ECB3D5 /* Debug */ = {
			isa = XCBuildConfiguration;
			buildSettings = {
				ALWAYS_SEARCH_USER_PATHS = NO;
				CLANG_CXX_LANGUAGE_STANDARD = "gnu++0x";
				CLANG_CXX_LIBRARY = "libc++";
				CLANG_ENABLE_MODULES = YES;
				CLANG_ENABLE_OBJC_ARC = YES;
				CLANG_WARN_BOOL_CONVERSION = YES;
				CLANG_WARN_CONSTANT_CONVERSION = YES;
				CLANG_WARN_DIRECT_OBJC_ISA_USAGE = YES_ERROR;
				CLANG_WARN_EMPTY_BODY = YES;
				CLANG_WARN_ENUM_CONVERSION = YES;
				CLANG_WARN_INT_CONVERSION = YES;
				CLANG_WARN_OBJC_ROOT_CLASS = YES_ERROR;
				CLANG_WARN__DUPLICATE_METHOD_MATCH = YES;
				"CODE_SIGN_IDENTITY[sdk=iphoneos*]" = "iPhone Developer";
				COPY_PHASE_STRIP = NO;
				GCC_C_LANGUAGE_STANDARD = gnu99;
				GCC_DYNAMIC_NO_PIC = NO;
				GCC_OPTIMIZATION_LEVEL = 0;
				GCC_PREPROCESSOR_DEFINITIONS = (
					"DEBUG=1",
					"$(inherited)",
				);
				GCC_SYMBOLS_PRIVATE_EXTERN = NO;
				GCC_WARN_64_TO_32_BIT_CONVERSION = YES;
				GCC_WARN_ABOUT_RETURN_TYPE = YES_ERROR;
				GCC_WARN_UNDECLARED_SELECTOR = YES;
				GCC_WARN_UNINITIALIZED_AUTOS = YES_AGGRESSIVE;
				GCC_WARN_UNUSED_FUNCTION = YES;
				GCC_WARN_UNUSED_VARIABLE = YES;
				IPHONEOS_DEPLOYMENT_TARGET = 7.1;
				ONLY_ACTIVE_ARCH = YES;
				SDKROOT = iphoneos;
			};
			name = Debug;
		};
		DF239C58195915B600ECB3D5 /* Release */ = {
			isa = XCBuildConfiguration;
			buildSettings = {
				ALWAYS_SEARCH_USER_PATHS = NO;
				CLANG_CXX_LANGUAGE_STANDARD = "gnu++0x";
				CLANG_CXX_LIBRARY = "libc++";
				CLANG_ENABLE_MODULES = YES;
				CLANG_ENABLE_OBJC_ARC = YES;
				CLANG_WARN_BOOL_CONVERSION = YES;
				CLANG_WARN_CONSTANT_CONVERSION = YES;
				CLANG_WARN_DIRECT_OBJC_ISA_USAGE = YES_ERROR;
				CLANG_WARN_EMPTY_BODY = YES;
				CLANG_WARN_ENUM_CONVERSION = YES;
				CLANG_WARN_INT_CONVERSION = YES;
				CLANG_WARN_OBJC_ROOT_CLASS = YES_ERROR;
				CLANG_WARN__DUPLICATE_METHOD_MATCH = YES;
				"CODE_SIGN_IDENTITY[sdk=iphoneos*]" = "iPhone Developer";
				COPY_PHASE_STRIP = YES;
				ENABLE_NS_ASSERTIONS = NO;
				GCC_C_LANGUAGE_STANDARD = gnu99;
				GCC_WARN_64_TO_32_BIT_CONVERSION = YES;
				GCC_WARN_ABOUT_RETURN_TYPE = YES_ERROR;
				GCC_WARN_UNDECLARED_SELECTOR = YES;
				GCC_WARN_UNINITIALIZED_AUTOS = YES_AGGRESSIVE;
				GCC_WARN_UNUSED_FUNCTION = YES;
				GCC_WARN_UNUSED_VARIABLE = YES;
				IPHONEOS_DEPLOYMENT_TARGET = 7.1;
				SDKROOT = iphoneos;
				VALIDATE_PRODUCT = YES;
			};
			name = Release;
		};
		DF239C5A195915B600ECB3D5 /* Debug */ = {
			isa = XCBuildConfiguration;
			buildSettings = {
				ASSETCATALOG_COMPILER_APPICON_NAME = AppIcon;
				ASSETCATALOG_COMPILER_LAUNCHIMAGE_NAME = LaunchImage;
				GCC_PRECOMPILE_PREFIX_HEADER = YES;
				GCC_PREFIX_HEADER = "ResumeManage/ResumeManage-Prefix.pch";
				INFOPLIST_FILE = "ResumeManage/ResumeManage-Info.plist";
				PRODUCT_NAME = "$(TARGET_NAME)";
				WRAPPER_EXTENSION = app;
			};
			name = Debug;
		};
		DF239C5B195915B600ECB3D5 /* Release */ = {
			isa = XCBuildConfiguration;
			buildSettings = {
				ASSETCATALOG_COMPILER_APPICON_NAME = AppIcon;
				ASSETCATALOG_COMPILER_LAUNCHIMAGE_NAME = LaunchImage;
				GCC_PRECOMPILE_PREFIX_HEADER = YES;
				GCC_PREFIX_HEADER = "ResumeManage/ResumeManage-Prefix.pch";
				INFOPLIST_FILE = "ResumeManage/ResumeManage-Info.plist";
				PRODUCT_NAME = "$(TARGET_NAME)";
				WRAPPER_EXTENSION = app;
			};
			name = Release;
		};
		DF239C5D195915B600ECB3D5 /* Debug */ = {
			isa = XCBuildConfiguration;
			buildSettings = {
				BUNDLE_LOADER = "$(BUILT_PRODUCTS_DIR)/ResumeManage.app/ResumeManage";
				FRAMEWORK_SEARCH_PATHS = (
					"$(SDKROOT)/Developer/Library/Frameworks",
					"$(inherited)",
					"$(DEVELOPER_FRAMEWORKS_DIR)",
				);
				GCC_PRECOMPILE_PREFIX_HEADER = YES;
				GCC_PREFIX_HEADER = "ResumeManage/ResumeManage-Prefix.pch";
				GCC_PREPROCESSOR_DEFINITIONS = (
					"DEBUG=1",
					"$(inherited)",
				);
				INFOPLIST_FILE = "ResumeManageTests/ResumeManageTests-Info.plist";
				PRODUCT_NAME = "$(TARGET_NAME)";
				TEST_HOST = "$(BUNDLE_LOADER)";
				WRAPPER_EXTENSION = xctest;
			};
			name = Debug;
		};
		DF239C5E195915B600ECB3D5 /* Release */ = {
			isa = XCBuildConfiguration;
			buildSettings = {
				BUNDLE_LOADER = "$(BUILT_PRODUCTS_DIR)/ResumeManage.app/ResumeManage";
				FRAMEWORK_SEARCH_PATHS = (
					"$(SDKROOT)/Developer/Library/Frameworks",
					"$(inherited)",
					"$(DEVELOPER_FRAMEWORKS_DIR)",
				);
				GCC_PRECOMPILE_PREFIX_HEADER = YES;
				GCC_PREFIX_HEADER = "ResumeManage/ResumeManage-Prefix.pch";
				INFOPLIST_FILE = "ResumeManageTests/ResumeManageTests-Info.plist";
				PRODUCT_NAME = "$(TARGET_NAME)";
				TEST_HOST = "$(BUNDLE_LOADER)";
				WRAPPER_EXTENSION = xctest;
			};
			name = Release;
		};
/* End XCBuildConfiguration section */

/* Begin XCConfigurationList section */
		DF239C22195915B600ECB3D5 /* Build configuration list for PBXProject "ResumeManage" */ = {
			isa = XCConfigurationList;
			buildConfigurations = (
				DF239C57195915B600ECB3D5 /* Debug */,
				DF239C58195915B600ECB3D5 /* Release */,
			);
			defaultConfigurationIsVisible = 0;
			defaultConfigurationName = Release;
		};
		DF239C59195915B600ECB3D5 /* Build configuration list for PBXNativeTarget "ResumeManage" */ = {
			isa = XCConfigurationList;
			buildConfigurations = (
				DF239C5A195915B600ECB3D5 /* Debug */,
				DF239C5B195915B600ECB3D5 /* Release */,
			);
			defaultConfigurationIsVisible = 0;
			defaultConfigurationName = Release;
		};
		DF239C5C195915B600ECB3D5 /* Build configuration list for PBXNativeTarget "ResumeManageTests" */ = {
			isa = XCConfigurationList;
			buildConfigurations = (
				DF239C5D195915B600ECB3D5 /* Debug */,
				DF239C5E195915B600ECB3D5 /* Release */,
			);
			defaultConfigurationIsVisible = 0;
			defaultConfigurationName = Release;
		};
/* End XCConfigurationList section */
	};
	rootObject = DF239C1F195915B600ECB3D5 /* Project object */;
}
